
Microsoft Visual Studio Solution File, Format Version 12.00
# Visual Studio Version 17
VisualStudioVersion = 17.4.33110.190
MinimumVisualStudioVersion = 10.0.40219.1
Project("{FAE04EC0-301F-11D3-BF4B-00C04F79EFBC}") = "ExamSolver", "ExamSolver.csproj", "{94A7B074-4D92-4DDB-86C6-731B0C4FD527}"
EndProject
Global
	GlobalSection(SolutionConfigurationPlatforms) = preSolution
		Debug|Any CPU = Debug|Any CPU
		Release|Any CPU = Release|Any CPU
	EndGlobalSection
	GlobalSection(ProjectConfigurationPlatforms) = postSolution
		{94A7B074-4D92-4DDB-86C6-731B0C4FD527}.Debug|Any CPU.ActiveCfg = Debug|Any CPU
		{94A7B074-4D92-4DDB-86C6-731B0C4FD527}.Debug|Any CPU.Build.0 = Debug|Any CPU
		{94A7B074-4D92-4DDB-86C6-731B0C4FD527}.Release|Any CPU.ActiveCfg = Release|Any CPU
		{94A7B074-4D92-4DDB-86C6-731B0C4FD527}.Release|Any CPU.Build.0 = Release|Any CPU
	EndGlobalSection
	GlobalSection(SolutionProperties) = preSolution
		HideSolutionNode = FALSE
	EndGlobalSection
	GlobalSection(ExtensibilityGlobals) = postSolution
		SolutionGuid = {9B594373-2205-4EFB-815E-22D39127AA28}
	EndGlobalSection
EndGlobal
